// !$*UTF8*$!
{
	archiveVersion = 1;
	classes = {
	};
	objectVersion = 56;
	objects = {

/* Begin PBXBuildFile section */
		BBBBBBBBBBBBBBBBBBBB0001 /* AppDelegate.swift in Sources */ = {isa = PBXBuildFile; fileRef = FFFFFFFFFFFFFFFFFFFF0001 /* AppDelegate.swift */; };
		BBBBBBBBBBBBBBBBBBBB0002 /* SceneDelegate.swift in Sources */ = {isa = PBXBuildFile; fileRef = FFFFFFFFFFFFFFFFFFFF0002 /* SceneDelegate.swift */; };
		BBBBBBBBBBBBBBBBBBBB0003 /* Card.swift in Sources */ = {isa = PBXBuildFile; fileRef = FFFFFFFFFFFFFFFFFFFF0003 /* Card.swift */; };
		BBBBBBBBBBBBBBBBBBBB0004 /* GameState.swift in Sources */ = {isa = PBXBuildFile; fileRef = FFFFFFFFFFFFFFFFFFFF0004 /* GameState.swift */; };
		BBBBBBBBBBBBBBBBBBBB0005 /* LocationManager.swift in Sources */ = {isa = PBXBuildFile; fileRef = FFFFFFFFFFFFFFFFFFFF0005 /* LocationManager.swift */; };
		BBBBBBBBBBBBBBBBBBBB0006 /* MenuViewController.swift in Sources */ = {isa = PBXBuildFile; fileRef = FFFFFFFFFFFFFFFFFFFF0006 /* MenuViewController.swift */; };
		BBBBBBBBBBBBBBBBBBBB0007 /* GameViewController.swift in Sources */ = {isa = PBXBuildFile; fileRef = FFFFFFFFFFFFFFFFFFFF0007 /* GameViewController.swift */; };
		BBBBBBBBBBBBBBBBBBBB0008 /* SummaryViewController.swift in Sources */ = {isa = PBXBuildFile; fileRef = FFFFFFFFFFFFFFFFFFFF0008 /* SummaryViewController.swift */; };
		BBBBBBBBBBBBBBBBBBBB0009 /* Main.storyboard in Resources */ = {isa = PBXBuildFile; fileRef = FFFFFFFFFFFFFFFFFFFF0009 /* Main.storyboard */; };
		BBBBBBBBBBBBBBBBBBBB0010 /* LaunchScreen.storyboard in Resources */ = {isa = PBXBuildFile; fileRef = FFFFFFFFFFFFFFFFFFFF0010 /* LaunchScreen.storyboard */; };
		BBBBBBBBBBBBBBBBBBBB0011 /* Assets.xcassets in Resources */ = {isa = PBXBuildFile; fileRef = FFFFFFFFFFFFFFFFFFFF0011 /* Assets.xcassets */; };
/* End PBXBuildFile section */

/* Begin PBXFileReference section */
		FFFFFFFFFFFFFFFFFFFF0001 /* AppDelegate.swift */ = {isa = PBXFileReference; lastKnownFileType = sourcecode.swift; path = AppDelegate.swift; sourceTree = "<group>"; };
		FFFFFFFFFFFFFFFFFFFF0002 /* SceneDelegate.swift */ = {isa = PBXFileReference; lastKnownFileType = sourcecode.swift; path = SceneDelegate.swift; sourceTree = "<group>"; };
		FFFFFFFFFFFFFFFFFFFF0003 /* Card.swift */ = {isa = PBXFileReference; lastKnownFileType = sourcecode.swift; path = Card.swift; sourceTree = "<group>"; };
		FFFFFFFFFFFFFFFFFFFF0004 /* GameState.swift */ = {isa = PBXFileReference; lastKnownFileType = sourcecode.swift; path = GameState.swift; sourceTree = "<group>"; };
		FFFFFFFFFFFFFFFFFFFF0005 /* LocationManager.swift */ = {isa = PBXFileReference; lastKnownFileType = sourcecode.swift; path = LocationManager.swift; sourceTree = "<group>"; };
		FFFFFFFFFFFFFFFFFFFF0006 /* MenuViewController.swift */ = {isa = PBXFileReference; lastKnownFileType = sourcecode.swift; path = MenuViewController.swift; sourceTree = "<group>"; };
		FFFFFFFFFFFFFFFFFFFF0007 /* GameViewController.swift */ = {isa = PBXFileReference; lastKnownFileType = sourcecode.swift; path = GameViewController.swift; sourceTree = "<group>"; };
		FFFFFFFFFFFFFFFFFFFF0008 /* SummaryViewController.swift */ = {isa = PBXFileReference; lastKnownFileType = sourcecode.swift; path = SummaryViewController.swift; sourceTree = "<group>"; };
		FFFFFFFFFFFFFFFFFFFF0009 /* Main.storyboard */ = {isa = PBXFileReference; lastKnownFileType = file.storyboard; name = Main.storyboard; path = Base.lproj/Main.storyboard; sourceTree = "<group>"; };
		FFFFFFFFFFFFFFFFFFFF0010 /* LaunchScreen.storyboard */ = {isa = PBXFileReference; lastKnownFileType = file.storyboard; name = LaunchScreen.storyboard; path = Base.lproj/LaunchScreen.storyboard; sourceTree = "<group>"; };
		FFFFFFFFFFFFFFFFFFFF0011 /* Assets.xcassets */ = {isa = PBXFileReference; lastKnownFileType = folder.assetcatalog; path = Assets.xcassets; sourceTree = "<group>"; };
		FFFFFFFFFFFFFFFFFFFF0012 /* Info.plist */ = {isa = PBXFileReference; lastKnownFileType = text.plist.xml; path = Info.plist; sourceTree = "<group>"; };
		FFFFFFFFFFFFFFFFFFFF0013 /* CardBattle.app */ = {isa = PBXFileReference; explicitFileType = wrapper.application; includeInIndex = 0; path = CardBattle.app; sourceTree = BUILT_PRODUCTS_DIR; };
/* End PBXFileReference section */

/* Begin PBXFrameworksBuildPhase section */
		CCCCCCCCCCCCCCCCCCCC0004 /* Frameworks */ = {
			isa = PBXFrameworksBuildPhase;
			buildActionMask = 2147483647;
			files = (
			);
			runOnlyForDeploymentPostprocessing = 0;
		};
/* End PBXFrameworksBuildPhase section */

/* Begin PBXGroup section */
		DDDDDDDDDDDDDDDDDDDD0001 = {
			isa = PBXGroup;
			children = (
				DDDDDDDDDDDDDDDDDDDD0002 /* CardBattle */,
				DDDDDDDDDDDDDDDDDDDD0007 /* Products */,
			);
			sourceTree = "<group>";
		};
		DDDDDDDDDDDDDDDDDDDD0002 /* CardBattle */ = {
			isa = PBXGroup;
			children = (
				FFFFFFFFFFFFFFFFFFFF0001 /* AppDelegate.swift */,
				FFFFFFFFFFFFFFFFFFFF0002 /* SceneDelegate.swift */,
				DDDDDDDDDDDDDDDDDDDD0003 /* Models */,
				DDDDDDDDDDDDDDDDDDDD0004 /* State */,
				DDDDDDDDDDDDDDDDDDDD0005 /* Location */,
				DDDDDDDDDDDDDDDDDDDD0006 /* Controllers */,
				FFFFFFFFFFFFFFFFFFFF0009 /* Main.storyboard */,
				FFFFFFFFFFFFFFFFFFFF0010 /* LaunchScreen.storyboard */,
				FFFFFFFFFFFFFFFFFFFF0011 /* Assets.xcassets */,
				FFFFFFFFFFFFFFFFFFFF0012 /* Info.plist */,
			);
			path = CardBattle;
			sourceTree = "<group>";
		};
		DDDDDDDDDDDDDDDDDDDD0003 /* Models */ = {
			isa = PBXGroup;
			children = (
				FFFFFFFFFFFFFFFFFFFF0003 /* Card.swift */,
			);
			path = Models;
			sourceTree = "<group>";
		};
		DDDDDDDDDDDDDDDDDDDD0004 /* State */ = {
			isa = PBXGroup;
			children = (
				FFFFFFFFFFFFFFFFFFFF0004 /* GameState.swift */,
			);
			path = State;
			sourceTree = "<group>";
		};
		DDDDDDDDDDDDDDDDDDDD0005 /* Location */ = {
			isa = PBXGroup;
			children = (
				FFFFFFFFFFFFFFFFFFFF0005 /* LocationManager.swift */,
			);
			path = Location;
			sourceTree = "<group>";
		};
		DDDDDDDDDDDDDDDDDDDD0006 /* Controllers */ = {
			isa = PBXGroup;
			children = (
				FFFFFFFFFFFFFFFFFFFF0006 /* MenuViewController.swift */,
				FFFFFFFFFFFFFFFFFFFF0007 /* GameViewController.swift */,
				FFFFFFFFFFFFFFFFFFFF0008 /* SummaryViewController.swift */,
			);
			path = Controllers;
			sourceTree = "<group>";
		};
		DDDDDDDDDDDDDDDDDDDD0007 /* Products */ = {
			isa = PBXGroup;
			children = (
				FFFFFFFFFFFFFFFFFFFF0013 /* CardBattle.app */,
			);
			name = Products;
			sourceTree = "<group>";
		};
/* End PBXGroup section */

/* Begin PBXNativeTarget section */
		CCCCCCCCCCCCCCCCCCCC0002 /* CardBattle */ = {
			isa = PBXNativeTarget;
			buildConfigurationList = CCCCCCCCCCCCCCCCCCCC0007 /* Build configuration list for PBXNativeTarget "CardBattle" */;
			buildPhases = (
				CCCCCCCCCCCCCCCCCCCC0003 /* Sources */,
				CCCCCCCCCCCCCCCCCCCC0004 /* Frameworks */,
				CCCCCCCCCCCCCCCCCCCC0005 /* Resources */,
			);
			buildRules = (
			);
			dependencies = (
			);
			name = CardBattle;
			productName = CardBattle;
			productReference = FFFFFFFFFFFFFFFFFFFF0013 /* CardBattle.app */;
			productType = "com.apple.product-type.application";
		};
/* End PBXNativeTarget section */

/* Begin PBXProject section */
		CCCCCCCCCCCCCCCCCCCC0001 /* Project object */ = {
			isa = PBXProject;
			attributes = {
				BuildIndependentTargetsInParallel = 1;
				LastSwiftUpdateCheck = 1500;
				LastUpgradeCheck = 1500;
				TargetAttributes = {
					CCCCCCCCCCCCCCCCCCCC0002 = {
						CreatedOnToolsVersion = 15.0;
					};
				};
			};
			buildConfigurationList = CCCCCCCCCCCCCCCCCCCC0006 /* Build configuration list for PBXProject "CardBattle" */;
			compatibilityVersion = "Xcode 14.0";
			developmentRegion = en;
			hasScannedForEncodings = 0;
			knownRegions = (
				en,
				Base,
			);
			mainGroup = DDDDDDDDDDDDDDDDDDDD0001;
			productRefGroup = DDDDDDDDDDDDDDDDDDDD0007 /* Products */;
			projectDirPath = "";
			projectRoot = "";
			targets = (
				CCCCCCCCCCCCCCCCCCCC0002 /* CardBattle */,
			);
		};
/* End PBXProject section */

/* Begin PBXResourcesBuildPhase section */
		CCCCCCCCCCCCCCCCCCCC0005 /* Resources */ = {
			isa = PBXResourcesBuildPhase;
			buildActionMask = 2147483647;
			files = (
				BBBBBBBBBBBBBBBBBBBB0009 /* Main.storyboard in Resources */,
				BBBBBBBBBBBBBBBBBBBB0011 /* Assets.xcassets in Resources */,
				BBBBBBBBBBBBBBBBBBBB0010 /* LaunchScreen.storyboard in Resources */,
			);
			runOnlyForDeploymentPostprocessing = 0;
		};
/* End PBXResourcesBuildPhase section */

/* Begin PBXSourcesBuildPhase section */
		CCCCCCCCCCCCCCCCCCCC0003 /* Sources */ = {
			isa = PBXSourcesBuildPhase;
			buildActionMask = 2147483647;
			files = (
				BBBBBBBBBBBBBBBBBBBB0006 /* MenuViewController.swift in Sources */,
				BBBBBBBBBBBBBBBBBBBB0007 /* GameViewController.swift in Sources */,
				BBBBBBBBBBBBBBBBBBBB0008 /* SummaryViewController.swift in Sources */,
				BBBBBBBBBBBBBBBBBBBB0003 /* Card.swift in Sources */,
				BBBBBBBBBBBBBBBBBBBB0004 /* GameState.swift in Sources */,
				BBBBBBBBBBBBBBBBBBBB0005 /* LocationManager.swift in Sources */,
				BBBBBBBBBBBBBBBBBBBB0001 /* AppDelegate.swift in Sources */,
				BBBBBBBBBBBBBBBBBBBB0002 /* SceneDelegate.swift in Sources */,
			);
			runOnlyForDeploymentPostprocessing = 0;
		};
/* End PBXSourcesBuildPhase section */

/* Begin XCBuildConfiguration section */
		CCCCCCCCCCCCCCCCCCCC0008 /* Debug */ = {
			isa = XCBuildConfiguration;
			buildSettings = {
				ALWAYS_SEARCH_USER_PATHS = NO;
				CLANG_ANALYZER_NONNULL = YES;
				CLANG_ANALYZER_NUMBER_OBJECT_CONVERSION = YES_AGGRESSIVE;
				CLANG_CXX_LANGUAGE_STANDARD = "gnu++20";
				CLANG_ENABLE_MODULES = YES;
				CLANG_ENABLE_OBJC_ARC = YES;
				CLANG_ENABLE_OBJC_WEAK = YES;
				CLANG_WARN_BOOL_CONVERSION = YES;
				CLANG_WARN_COMMA = YES;
				CLANG_WARN_CONSTANT_CONVERSION = YES;
				CLANG_WARN_DEPRECATED_OBJC_IMPLEMENTATIONS = YES;
				CLANG_WARN_DIRECT_OBJC_ISA_USAGE = YES_ERROR;
				CLANG_WARN_DOCUMENTATION_COMMENTS = YES;
				CLANG_WARN_EMPTY_BODY = YES;
				CLANG_WARN_ENUM_CONVERSION = YES;
				CLANG_WARN_INFINITE_RECURSION = YES;
				CLANG_WARN_INT_CONVERSION = YES;
				CLANG_WARN_NON_LITERAL_NULL_CONVERSION = YES;
				CLANG_WARN_OBJC_IMPLICIT_RETAIN_SELF = YES;
				CLANG_WARN_OBJC_LITERAL_CONVERSION = YES;
				CLANG_WARN_OBJC_ROOT_CLASS = YES_ERROR;
				CLANG_WARN_QUOTED_INCLUDE_IN_FRAMEWORK_HEADER = YES;
				CLANG_WARN_RANGE_LOOP_ANALYSIS = YES;
				CLANG_WARN_STRICT_PROTOTYPES = YES;
				CLANG_WARN_SUSPICIOUS_MOVE = YES;
				CLANG_WARN_UNGUARDED_AVAILABILITY = YES_AGGRESSIVE;
				CLANG_WARN_UNREACHABLE_CODE = YES;
				CLANG_WARN__DUPLICATE_METHOD_MATCH = YES;
				COPY_PHASE_STRIP = NO;
				DEBUG_INFORMATION_FORMAT = dwarf;
				ENABLE_STRICT_OBJC_MSGSEND = YES;
				ENABLE_TESTABILITY = YES;
				ENABLE_USER_SCRIPT_SANDBOXING = YES;
				GCC_C_LANGUAGE_STANDARD = gnu17;
				GCC_DYNAMIC_NO_PIC = NO;
				GCC_NO_COMMON_BLOCKS = YES;
				GCC_OPTIMIZATION_LEVEL = 0;
				GCC_PREPROCESSOR_DEFINITIONS = (
					"DEBUG=1",
					"$(inherited)",
				);
				GCC_WARN_64_TO_32_BIT_CONVERSION = YES;
				GCC_WARN_ABOUT_RETURN_TYPE = YES_ERROR;
				GCC_WARN_UNDECLARED_SELECTOR = YES;
				GCC_WARN_UNINITIALIZED_AUTOS = YES_AGGRESSIVE;
				GCC_WARN_UNUSED_FUNCTION = YES;
				GCC_WARN_UNUSED_VARIABLE = YES;
				IPHONEOS_DEPLOYMENT_TARGET = 15.0;
				MTL_ENABLE_DEBUG_INFO = INCLUDE_SOURCE;
				MTL_FAST_MATH = YES;
				ONLY_ACTIVE_ARCH = YES;
				SDKROOT = iphoneos;
				SWIFT_ACTIVE_COMPILATION_CONDITIONS = DEBUG;
				SWIFT_OPTIMIZATION_LEVEL = "-Onone";
			};
			name = Debug;
		};
		CCCCCCCCCCCCCCCCCCCC0009 /* Release */ = {
			isa = XCBuildConfiguration;
			buildSettings = {
				ALWAYS_SEARCH_USER_PATHS = NO;
				CLANG_ANALYZER_NONNULL = YES;
				CLANG_ANALYZER_NUMBER_OBJECT_CONVERSION = YES_AGGRESSIVE;
				CLANG_CXX_LANGUAGE_STANDARD = "gnu++20";
				CLANG_ENABLE_MODULES = YES;
				CLANG_ENABLE_OBJC_ARC = YES;
				CLANG_ENABLE_OBJC_WEAK = YES;
				CLANG_WARN_BOOL_CONVERSION = YES;
				CLANG_WARN_COMMA = YES;
				CLANG_WARN_CONSTANT_CONVERSION = YES;
				CLANG_WARN_DEPRECATED_OBJC_IMPLEMENTATIONS = YES;
				CLANG_WARN_DIRECT_OBJC_ISA_USAGE = YES_ERROR;
				CLANG_WARN_DOCUMENTATION_COMMENTS = YES;
				CLANG_WARN_EMPTY_BODY = YES;
				CLANG_WARN_ENUM_CONVERSION = YES;
				CLANG_WARN_INFINITE_RECURSION = YES;
				CLANG_WARN_INT_CONVERSION = YES;
				CLANG_WARN_NON_LITERAL_NULL_CONVERSION = YES;
				CLANG_WARN_OBJC_IMPLICIT_RETAIN_SELF = YES;
				CLANG_WARN_OBJC_LITERAL_CONVERSION = YES;
				CLANG_WARN_OBJC_ROOT_CLASS = YES_ERROR;
				CLANG_WARN_QUOTED_INCLUDE_IN_FRAMEWORK_HEADER = YES;
				CLANG_WARN_RANGE_LOOP_ANALYSIS = YES;
				CLANG_WARN_STRICT_PROTOTYPES = YES;
				CLANG_WARN_SUSPICIOUS_MOVE = YES;
				CLANG_WARN_UNGUARDED_AVAILABILITY = YES_AGGRESSIVE;
				CLANG_WARN_UNREACHABLE_CODE = YES;
				CLANG_WARN__DUPLICATE_METHOD_MATCH = YES;
				COPY_PHASE_STRIP = NO;
				DEBUG_INFORMATION_FORMAT = "dwarf-with-dsym";
				ENABLE_NS_ASSERTIONS = NO;
				ENABLE_STRICT_OBJC_MSGSEND = YES;
				ENABLE_USER_SCRIPT_SANDBOXING = YES;
				GCC_C_LANGUAGE_STANDARD = gnu17;
				GCC_NO_COMMON_BLOCKS = YES;
				GCC_WARN_64_TO_32_BIT_CONVERSION = YES;
				GCC_WARN_ABOUT_RETURN_TYPE = YES_ERROR;
				GCC_WARN_UNDECLARED_SELECTOR = YES;
				GCC_WARN_UNINITIALIZED_AUTOS = YES_AGGRESSIVE;
				GCC_WARN_UNUSED_FUNCTION = YES;
				GCC_WARN_UNUSED_VARIABLE = YES;
				IPHONEOS_DEPLOYMENT_TARGET = 15.0;
				MTL_ENABLE_DEBUG_INFO = NO;
				MTL_FAST_MATH = YES;
				SDKROOT = iphoneos;
				SWIFT_COMPILATION_MODE = wholemodule;
				SWIFT_OPTIMIZATION_LEVEL = "-O";
				VALIDATE_PRODUCT = YES;
			};
			name = Release;
		};
		CCCCCCCCCCCCCCCCCCCC0010 /* Debug */ = {
			isa = XCBuildConfiguration;
			buildSettings = {
				ASSETCATALOG_COMPILER_APPICON_NAME = AppIcon;
				ASSETCATALOG_COMPILER_GLOBAL_ACCENT_COLOR_NAME = AccentColor;
				CODE_SIGN_STYLE = Automatic;
				CURRENT_PROJECT_VERSION = 1;
				GENERATE_INFOPLIST_FILE = NO;
				INFOPLIST_FILE = CardBattle/Info.plist;
				LD_RUNPATH_SEARCH_PATHS = (
					"$(inherited)",
					"@executable_path/Frameworks",
				);
				MARKETING_VERSION = 1.0;
				PRODUCT_BUNDLE_IDENTIFIER = com.afeka.CardBattle;
				PRODUCT_NAME = "$(TARGET_NAME)";
				SWIFT_EMIT_LOC_STRINGS = YES;
				SWIFT_VERSION = 5.0;
				TARGETED_DEVICE_FAMILY = "1,2";
			};
			name = Debug;
		};
		CCCCCCCCCCCCCCCCCCCC0011 /* Release */ = {
			isa = XCBuildConfiguration;
			buildSettings = {
				ASSETCATALOG_COMPILER_APPICON_NAME = AppIcon;
				ASSETCATALOG_COMPILER_GLOBAL_ACCENT_COLOR_NAME = AccentColor;
				CODE_SIGN_STYLE = Automatic;
				CURRENT_PROJECT_VERSION = 1;
				GENERATE_INFOPLIST_FILE = NO;
				INFOPLIST_FILE = CardBattle/Info.plist;
				LD_RUNPATH_SEARCH_PATHS = (
					"$(inherited)",
					"@executable_path/Frameworks",
				);
				MARKETING_VERSION = 1.0;
				PRODUCT_BUNDLE_IDENTIFIER = com.afeka.CardBattle;
				PRODUCT_NAME = "$(TARGET_NAME)";
				SWIFT_EMIT_LOC_STRINGS = YES;
				SWIFT_VERSION = 5.0;
				TARGETED_DEVICE_FAMILY = "1,2";
			};
			name = Release;
		};
/* End XCBuildConfiguration section */

/* Begin XCConfigurationList section */
		CCCCCCCCCCCCCCCCCCCC0006 /* Build configuration list for PBXProject "CardBattle" */ = {
			isa = XCConfigurationList;
			buildConfigurations = (
				CCCCCCCCCCCCCCCCCCCC0008 /* Debug */,
				CCCCCCCCCCCCCCCCCCCC0009 /* Release */,
			);
			defaultConfigurationIsVisible = 0;
			defaultConfigurationName = Release;
		};
		CCCCCCCCCCCCCCCCCCCC0007 /* Build configuration list for PBXNativeTarget "CardBattle" */ = {
			isa = XCConfigurationList;
			buildConfigurations = (
				CCCCCCCCCCCCCCCCCCCC0010 /* Debug */,
				CCCCCCCCCCCCCCCCCCCC0011 /* Release */,
			);
			defaultConfigurationIsVisible = 0;
			defaultConfigurationName = Release;
		};
/* End XCConfigurationList section */
	};
	rootObject = CCCCCCCCCCCCCCCCCCCC0001 /* Project object */;
}
